// !$*UTF8*$!
{
	archiveVersion = 1;
	classes = {
	};
	objectVersion = 48;
	objects = {

/* Begin PBXBuildFile section */
		8D0B3D9F20902494001783AC /* AppDelegate.swift in Sources */ = {isa = PBXBuildFile; fileRef = 8D0B3D9E20902494001783AC /* AppDelegate.swift */; };
		8D0B3DA620902494001783AC /* Assets.xcassets in Resources */ = {isa = PBXBuildFile; fileRef = 8D0B3DA520902494001783AC /* Assets.xcassets */; };
		8D0B3DA920902494001783AC /* LaunchScreen.storyboard in Resources */ = {isa = PBXBuildFile; fileRef = 8D0B3DA720902494001783AC /* LaunchScreen.storyboard */; };
		8D0B3DB62090268E001783AC /* SampleFullscreenViewController.swift in Sources */ = {isa = PBXBuildFile; fileRef = 8D0B3DB42090268E001783AC /* SampleFullscreenViewController.swift */; };
		8D0B3DB72090268E001783AC /* SampleFullscreenViewController.xib in Resources */ = {isa = PBXBuildFile; fileRef = 8D0B3DB52090268E001783AC /* SampleFullscreenViewController.xib */; };
		8D0B3DB920902A26001783AC /* UIWindow+UniversalAreaInset.swift in Sources */ = {isa = PBXBuildFile; fileRef = 8D0B3DB820902A26001783AC /* UIWindow+UniversalAreaInset.swift */; };
		8D0B3DBD20902E2E001783AC /* BaseViewController.swift in Sources */ = {isa = PBXBuildFile; fileRef = 8D0B3DBC20902E2E001783AC /* BaseViewController.swift */; };
		8D0B3DC0209032A8001783AC /* SampleBarScreenViewController.swift in Sources */ = {isa = PBXBuildFile; fileRef = 8D0B3DBE209032A8001783AC /* SampleBarScreenViewController.swift */; };
		8D0B3DC1209032A8001783AC /* SampleBarScreenViewController.xib in Resources */ = {isa = PBXBuildFile; fileRef = 8D0B3DBF209032A8001783AC /* SampleBarScreenViewController.xib */; };
/* End PBXBuildFile section */

/* Begin PBXFileReference section */
		8D0B3D9B20902494001783AC /* iOS8-iPhoneX-Sample.app */ = {isa = PBXFileReference; explicitFileType = wrapper.application; includeInIndex = 0; path = "iOS8-iPhoneX-Sample.app"; sourceTree = BUILT_PRODUCTS_DIR; };
		8D0B3D9E20902494001783AC /* AppDelegate.swift */ = {isa = PBXFileReference; lastKnownFileType = sourcecode.swift; path = AppDelegate.swift; sourceTree = "<group>"; };
		8D0B3DA520902494001783AC /* Assets.xcassets */ = {isa = PBXFileReference; lastKnownFileType = folder.assetcatalog; path = Assets.xcassets; sourceTree = "<group>"; };
		8D0B3DA820902494001783AC /* Base */ = {isa = PBXFileReference; lastKnownFileType = file.storyboard; name = Base; path = Base.lproj/LaunchScreen.storyboard; sourceTree = "<group>"; };
		8D0B3DAA20902494001783AC /* Info.plist */ = {isa = PBXFileReference; lastKnownFileType = text.plist.xml; path = Info.plist; sourceTree = "<group>"; };
		8D0B3DB42090268E001783AC /* SampleFullscreenViewController.swift */ = {isa = PBXFileReference; lastKnownFileType = sourcecode.swift; path = SampleFullscreenViewController.swift; sourceTree = "<group>"; };
		8D0B3DB52090268E001783AC /* SampleFullscreenViewController.xib */ = {isa = PBXFileReference; lastKnownFileType = file.xib; path = SampleFullscreenViewController.xib; sourceTree = "<group>"; };
		8D0B3DB820902A26001783AC /* UIWindow+UniversalAreaInset.swift */ = {isa = PBXFileReference; lastKnownFileType = sourcecode.swift; path = "UIWindow+UniversalAreaInset.swift"; sourceTree = "<group>"; };
		8D0B3DBC20902E2E001783AC /* BaseViewController.swift */ = {isa = PBXFileReference; lastKnownFileType = sourcecode.swift; path = BaseViewController.swift; sourceTree = "<group>"; };
		8D0B3DBE209032A8001783AC /* SampleBarScreenViewController.swift */ = {isa = PBXFileReference; lastKnownFileType = sourcecode.swift; path = SampleBarScreenViewController.swift; sourceTree = "<group>"; };
		8D0B3DBF209032A8001783AC /* SampleBarScreenViewController.xib */ = {isa = PBXFileReference; lastKnownFileType = file.xib; path = SampleBarScreenViewController.xib; sourceTree = "<group>"; };
/* End PBXFileReference section */

/* Begin PBXFrameworksBuildPhase section */
		8D0B3D9820902494001783AC /* Frameworks */ = {
			isa = PBXFrameworksBuildPhase;
			buildActionMask = 2147483647;
			files = (
			);
			runOnlyForDeploymentPostprocessing = 0;
		};
/* End PBXFrameworksBuildPhase section */

/* Begin PBXGroup section */
		8D0B3D9220902494001783AC = {
			isa = PBXGroup;
			children = (
				8D0B3D9D20902494001783AC /* iOS8-iPhoneX-Sample */,
				8D0B3D9C20902494001783AC /* Products */,
			);
			sourceTree = "<group>";
		};
		8D0B3D9C20902494001783AC /* Products */ = {
			isa = PBXGroup;
			children = (
				8D0B3D9B20902494001783AC /* iOS8-iPhoneX-Sample.app */,
			);
			name = Products;
			sourceTree = "<group>";
		};
		8D0B3D9D20902494001783AC /* iOS8-iPhoneX-Sample */ = {
			isa = PBXGroup;
			children = (
				8D0B3D9E20902494001783AC /* AppDelegate.swift */,
				8D0B3DA520902494001783AC /* Assets.xcassets */,
				8D0B3DA720902494001783AC /* LaunchScreen.storyboard */,
				8D0B3DAA20902494001783AC /* Info.plist */,
				8D0B3DBC20902E2E001783AC /* BaseViewController.swift */,
				8D0B3DB42090268E001783AC /* SampleFullscreenViewController.swift */,
				8D0B3DB52090268E001783AC /* SampleFullscreenViewController.xib */,
				8D0B3DBE209032A8001783AC /* SampleBarScreenViewController.swift */,
				8D0B3DBF209032A8001783AC /* SampleBarScreenViewController.xib */,
				8D0B3DB820902A26001783AC /* UIWindow+UniversalAreaInset.swift */,
			);
			path = "iOS8-iPhoneX-Sample";
			sourceTree = "<group>";
		};
/* End PBXGroup section */

/* Begin PBXNativeTarget section */
		8D0B3D9A20902494001783AC /* iOS8-iPhoneX-Sample */ = {
			isa = PBXNativeTarget;
			buildConfigurationList = 8D0B3DAD20902494001783AC /* Build configuration list for PBXNativeTarget "iOS8-iPhoneX-Sample" */;
			buildPhases = (
				8D0B3D9720902494001783AC /* Sources */,
				8D0B3D9820902494001783AC /* Frameworks */,
				8D0B3D9920902494001783AC /* Resources */,
			);
			buildRules = (
			);
			dependencies = (
			);
			name = "iOS8-iPhoneX-Sample";
			productName = "iOS8-iPhoneX-Sample";
			productReference = 8D0B3D9B20902494001783AC /* iOS8-iPhoneX-Sample.app */;
			productType = "com.apple.product-type.application";
		};
/* End PBXNativeTarget section */

/* Begin PBXProject section */
		8D0B3D9320902494001783AC /* Project object */ = {
			isa = PBXProject;
			attributes = {
				LastSwiftUpdateCheck = 0910;
				LastUpgradeCheck = 0910;
				ORGANIZATIONNAME = "Ice House";
				TargetAttributes = {
					8D0B3D9A20902494001783AC = {
						CreatedOnToolsVersion = 9.1;
						ProvisioningStyle = Automatic;
					};
				};
			};
			buildConfigurationList = 8D0B3D9620902494001783AC /* Build configuration list for PBXProject "iOS8-iPhoneX-Sample" */;
			compatibilityVersion = "Xcode 8.0";
			developmentRegion = en;
			hasScannedForEncodings = 0;
			knownRegions = (
				en,
				Base,
			);
			mainGroup = 8D0B3D9220902494001783AC;
			productRefGroup = 8D0B3D9C20902494001783AC /* Products */;
			projectDirPath = "";
			projectRoot = "";
			targets = (
				8D0B3D9A20902494001783AC /* iOS8-iPhoneX-Sample */,
			);
		};
/* End PBXProject section */

/* Begin PBXResourcesBuildPhase section */
		8D0B3D9920902494001783AC /* Resources */ = {
			isa = PBXResourcesBuildPhase;
			buildActionMask = 2147483647;
			files = (
				8D0B3DC1209032A8001783AC /* SampleBarScreenViewController.xib in Resources */,
				8D0B3DA920902494001783AC /* LaunchScreen.storyboard in Resources */,
				8D0B3DB72090268E001783AC /* SampleFullscreenViewController.xib in Resources */,
				8D0B3DA620902494001783AC /* Assets.xcassets in Resources */,
			);
			runOnlyForDeploymentPostprocessing = 0;
		};
/* End PBXResourcesBuildPhase section */

/* Begin PBXSourcesBuildPhase section */
		8D0B3D9720902494001783AC /* Sources */ = {
			isa = PBXSourcesBuildPhase;
			buildActionMask = 2147483647;
			files = (
				8D0B3DBD20902E2E001783AC /* BaseViewController.swift in Sources */,
				8D0B3DB62090268E001783AC /* SampleFullscreenViewController.swift in Sources */,
				8D0B3D9F20902494001783AC /* AppDelegate.swift in Sources */,
				8D0B3DB920902A26001783AC /* UIWindow+UniversalAreaInset.swift in Sources */,
				8D0B3DC0209032A8001783AC /* SampleBarScreenViewController.swift in Sources */,
			);
			runOnlyForDeploymentPostprocessing = 0;
		};
/* End PBXSourcesBuildPhase section */

/* Begin PBXVariantGroup section */
		8D0B3DA720902494001783AC /* LaunchScreen.storyboard */ = {
			isa = PBXVariantGroup;
			children = (
				8D0B3DA820902494001783AC /* Base */,
			);
			name = LaunchScreen.storyboard;
			sourceTree = "<group>";
		};
/* End PBXVariantGroup section */

/* Begin XCBuildConfiguration section */
		8D0B3DAB20902494001783AC /* Debug */ = {
			isa = XCBuildConfiguration;
			buildSettings = {
				ALWAYS_SEARCH_USER_PATHS = NO;
				CLANG_ANALYZER_NONNULL = YES;
				CLANG_ANALYZER_NUMBER_OBJECT_CONVERSION = YES_AGGRESSIVE;
				CLANG_CXX_LANGUAGE_STANDARD = "gnu++14";
				CLANG_CXX_LIBRARY = "libc++";
				CLANG_ENABLE_MODULES = YES;
				CLANG_ENABLE_OBJC_ARC = YES;
				CLANG_WARN_BLOCK_CAPTURE_AUTORELEASING = YES;
				CLANG_WARN_BOOL_CONVERSION = YES;
				CLANG_WARN_COMMA = YES;
				CLANG_WARN_CONSTANT_CONVERSION = YES;
				CLANG_WARN_DIRECT_OBJC_ISA_USAGE = YES_ERROR;
				CLANG_WARN_DOCUMENTATION_COMMENTS = YES;
				CLANG_WARN_EMPTY_BODY = YES;
				CLANG_WARN_ENUM_CONVERSION = YES;
				CLANG_WARN_INFINITE_RECURSION = YES;
				CLANG_WARN_INT_CONVERSION = YES;
				CLANG_WARN_NON_LITERAL_NULL_CONVERSION = YES;
				CLANG_WARN_OBJC_LITERAL_CONVERSION = YES;
				CLANG_WARN_OBJC_ROOT_CLASS = YES_ERROR;
				CLANG_WARN_RANGE_LOOP_ANALYSIS = YES;
				CLANG_WARN_STRICT_PROTOTYPES = YES;
				CLANG_WARN_SUSPICIOUS_MOVE = YES;
				CLANG_WARN_UNGUARDED_AVAILABILITY = YES_AGGRESSIVE;
				CLANG_WARN_UNREACHABLE_CODE = YES;
				CLANG_WARN__DUPLICATE_METHOD_MATCH = YES;
				CODE_SIGN_IDENTITY = "iPhone Developer";
				COPY_PHASE_STRIP = NO;
				DEBUG_INFORMATION_FORMAT = dwarf;
				ENABLE_STRICT_OBJC_MSGSEND = YES;
				ENABLE_TESTABILITY = YES;
				GCC_C_LANGUAGE_STANDARD = gnu11;
				GCC_DYNAMIC_NO_PIC = NO;
				GCC_NO_COMMON_BLOCKS = YES;
				GCC_OPTIMIZATION_LEVEL = 0;
				GCC_PREPROCESSOR_DEFINITIONS = (
					"DEBUG=1",
					"$(inherited)",
				);
				GCC_WARN_64_TO_32_BIT_CONVERSION = YES;
				GCC_WARN_ABOUT_RETURN_TYPE = YES_ERROR;
				GCC_WARN_UNDECLARED_SELECTOR = YES;
				GCC_WARN_UNINITIALIZED_AUTOS = YES_AGGRESSIVE;
				GCC_WARN_UNUSED_FUNCTION = YES;
				GCC_WARN_UNUSED_VARIABLE = YES;
				IPHONEOS_DEPLOYMENT_TARGET = 8.0;
				MTL_ENABLE_DEBUG_INFO = YES;
				ONLY_ACTIVE_ARCH = YES;
				SDKROOT = iphoneos;
				SWIFT_ACTIVE_COMPILATION_CONDITIONS = DEBUG;
				SWIFT_OPTIMIZATION_LEVEL = "-Onone";
			};
			name = Debug;
		};
		8D0B3DAC20902494001783AC /* Release */ = {
			isa = XCBuildConfiguration;
			buildSettings = {
				ALWAYS_SEARCH_USER_PATHS = NO;
				CLANG_ANALYZER_NONNULL = YES;
				CLANG_ANALYZER_NUMBER_OBJECT_CONVERSION = YES_AGGRESSIVE;
				CLANG_CXX_LANGUAGE_STANDARD = "gnu++14";
				CLANG_CXX_LIBRARY = "libc++";
				CLANG_ENABLE_MODULES = YES;
				CLANG_ENABLE_OBJC_ARC = YES;
				CLANG_WARN_BLOCK_CAPTURE_AUTORELEASING = YES;
				CLANG_WARN_BOOL_CONVERSION = YES;
				CLANG_WARN_COMMA = YES;
				CLANG_WARN_CONSTANT_CONVERSION = YES;
				CLANG_WARN_DIRECT_OBJC_ISA_USAGE = YES_ERROR;
				CLANG_WARN_DOCUMENTATION_COMMENTS = YES;
				CLANG_WARN_EMPTY_BODY = YES;
				CLANG_WARN_ENUM_CONVERSION = YES;
				CLANG_WARN_INFINITE_RECURSION = YES;
				CLANG_WARN_INT_CONVERSION = YES;
				CLANG_WARN_NON_LITERAL_NULL_CONVERSION = YES;
				CLANG_WARN_OBJC_LITERAL_CONVERSION = YES;
				CLANG_WARN_OBJC_ROOT_CLASS = YES_ERROR;
				CLANG_WARN_RANGE_LOOP_ANALYSIS = YES;
				CLANG_WARN_STRICT_PROTOTYPES = YES;
				CLANG_WARN_SUSPICIOUS_MOVE = YES;
				CLANG_WARN_UNGUARDED_AVAILABILITY = YES_AGGRESSIVE;
				CLANG_WARN_UNREACHABLE_CODE = YES;
				CLANG_WARN__DUPLICATE_METHOD_MATCH = YES;
				CODE_SIGN_IDENTITY = "iPhone Developer";
				COPY_PHASE_STRIP = NO;
				DEBUG_INFORMATION_FORMAT = "dwarf-with-dsym";
				ENABLE_NS_ASSERTIONS = NO;
				ENABLE_STRICT_OBJC_MSGSEND = YES;
				GCC_C_LANGUAGE_STANDARD = gnu11;
				GCC_NO_COMMON_BLOCKS = YES;
				GCC_WARN_64_TO_32_BIT_CONVERSION = YES;
				GCC_WARN_ABOUT_RETURN_TYPE = YES_ERROR;
				GCC_WARN_UNDECLARED_SELECTOR = YES;
				GCC_WARN_UNINITIALIZED_AUTOS = YES_AGGRESSIVE;
				GCC_WARN_UNUSED_FUNCTION = YES;
				GCC_WARN_UNUSED_VARIABLE = YES;
				IPHONEOS_DEPLOYMENT_TARGET = 8.0;
				MTL_ENABLE_DEBUG_INFO = NO;
				SDKROOT = iphoneos;
				SWIFT_OPTIMIZATION_LEVEL = "-Owholemodule";
				VALIDATE_PRODUCT = YES;
			};
			name = Release;
		};
		8D0B3DAE20902494001783AC /* Debug */ = {
			isa = XCBuildConfiguration;
			buildSettings = {
				ASSETCATALOG_COMPILER_APPICON_NAME = AppIcon;
				CODE_SIGN_STYLE = Automatic;
				DEVELOPMENT_TEAM = HNEBJPTVTK;
				INFOPLIST_FILE = "iOS8-iPhoneX-Sample/Info.plist";
				LD_RUNPATH_SEARCH_PATHS = "$(inherited) @executable_path/Frameworks";
				PRODUCT_BUNDLE_IDENTIFIER = "com.icehousecorp.iOS8-iPhoneX-Sample";
				PRODUCT_NAME = "$(TARGET_NAME)";
				SWIFT_VERSION = 4.0;
				TARGETED_DEVICE_FAMILY = "1,2";
			};
			name = Debug;
		};
		8D0B3DAF20902494001783AC /* Release */ = {
			isa = XCBuildConfiguration;
			buildSettings = {
				ASSETCATALOG_COMPILER_APPICON_NAME = AppIcon;
				CODE_SIGN_STYLE = Automatic;
				DEVELOPMENT_TEAM = HNEBJPTVTK;
				INFOPLIST_FILE = "iOS8-iPhoneX-Sample/Info.plist";
				LD_RUNPATH_SEARCH_PATHS = "$(inherited) @executable_path/Frameworks";
				PRODUCT_BUNDLE_IDENTIFIER = "com.icehousecorp.iOS8-iPhoneX-Sample";
				PRODUCT_NAME = "$(TARGET_NAME)";
				SWIFT_VERSION = 4.0;
				TARGETED_DEVICE_FAMILY = "1,2";
			};
			name = Release;
		};
/* End XCBuildConfiguration section */

/* Begin XCConfigurationList section */
		8D0B3D9620902494001783AC /* Build configuration list for PBXProject "iOS8-iPhoneX-Sample" */ = {
			isa = XCConfigurationList;
			buildConfigurations = (
				8D0B3DAB20902494001783AC /* Debug */,
				8D0B3DAC20902494001783AC /* Release */,
			);
			defaultConfigurationIsVisible = 0;
			defaultConfigurationName = Release;
		};
		8D0B3DAD20902494001783AC /* Build configuration list for PBXNativeTarget "iOS8-iPhoneX-Sample" */ = {
			isa = XCConfigurationList;
			buildConfigurations = (
				8D0B3DAE20902494001783AC /* Debug */,
				8D0B3DAF20902494001783AC /* Release */,
			);
			defaultConfigurationIsVisible = 0;
			defaultConfigurationName = Release;
		};
/* End XCConfigurationList section */
	};
	rootObject = 8D0B3D9320902494001783AC /* Project object */;
}
